
Microsoft Visual Studio Solution File, Format Version 12.00
# Visual Studio Version 16
VisualStudioVersion = 16.0.32428.217
MinimumVisualStudioVersion = 10.0.40219.1
Project("{FAE04EC0-301F-11D3-BF4B-00C04F79EFBC}") = "Lab1C_", "Lab1C_\Lab1C_.csproj", "{2903B5AF-3488-4F94-9CD2-13A63DC46A23}"
EndProject
Global
	GlobalSection(SolutionConfigurationPlatforms) = preSolution
		Debug|Any CPU = Debug|Any CPU
		Release|Any CPU = Release|Any CPU
	EndGlobalSection
	GlobalSection(ProjectConfigurationPlatforms) = postSolution
		{2903B5AF-3488-4F94-9CD2-13A63DC46A23}.Debug|Any CPU.ActiveCfg = Debug|Any CPU
		{2903B5AF-3488-4F94-9CD2-13A63DC46A23}.Debug|Any CPU.Build.0 = Debug|Any CPU
		{2903B5AF-3488-4F94-9CD2-13A63DC46A23}.Release|Any CPU.ActiveCfg = Release|Any CPU
		{2903B5AF-3488-4F94-9CD2-13A63DC46A23}.Release|Any CPU.Build.0 = Release|Any CPU
	EndGlobalSection
	GlobalSection(SolutionProperties) = preSolution
		HideSolutionNode = FALSE
	EndGlobalSection
	GlobalSection(ExtensibilityGlobals) = postSolution
		SolutionGuid = {D2BBA533-2996-4E49-8285-EA8EDD2B474F}
	EndGlobalSection
EndGlobal
